
Microsoft Visual Studio Solution File, Format Version 12.00
# Visual Studio Version 17
VisualStudioVersion = 17.13.35806.99 d17.13
MinimumVisualStudioVersion = 10.0.40219.1
Project("{FAE04EC0-301F-11D3-BF4B-00C04F79EFBC}") = "GitKraken", "GitKraken.csproj", "{12D79F6F-7135-42E7-AC51-C854C10823C7}"
EndProject
Global
	GlobalSection(SolutionConfigurationPlatforms) = preSolution
		Debug|Any CPU = Debug|Any CPU
		Release|Any CPU = Release|Any CPU
	EndGlobalSection
	GlobalSection(ProjectConfigurationPlatforms) = postSolution
		{12D79F6F-7135-42E7-AC51-C854C10823C7}.Debug|Any CPU.ActiveCfg = Debug|Any CPU
		{12D79F6F-7135-42E7-AC51-C854C10823C7}.Debug|Any CPU.Build.0 = Debug|Any CPU
		{12D79F6F-7135-42E7-AC51-C854C10823C7}.Release|Any CPU.ActiveCfg = Release|Any CPU
		{12D79F6F-7135-42E7-AC51-C854C10823C7}.Release|Any CPU.Build.0 = Release|Any CPU
	EndGlobalSection
	GlobalSection(SolutionProperties) = preSolution
		HideSolutionNode = FALSE
	EndGlobalSection
	GlobalSection(ExtensibilityGlobals) = postSolution
		SolutionGuid = {EE77BE8B-8F5B-434D-BD40-1B9D727D14FB}
	EndGlobalSection
EndGlobal
